lockfileVersion: '9.0'

settings:
  autoInstallPeers: true
  excludeLinksFromLockfile: false

importers:

  .:
    dependencies:
      html-to-image:
        specifier: ^1.11.13
        version: 1.11.13
    devDependencies:
      '@violentmonkey/shortcut':
        specifier: ^1.4.4
        version: 1.4.4

packages:

  '@babel/runtime@7.29.7':
    resolution: {integrity: sha512-Nq8OhGWiZIZGV6hLHoyAKLLcJihP/xFeBMGJoUrxTX2psI8dCifzLhZISFb+VWS3wFMRDmCGw5R+dOySCqPLhw==}
    engines: {node: '>=6.9.0'}

  '@violentmonkey/shortcut@1.4.4':
    resolution: {integrity: sha512-rS+qi/WhYQEKpoH/l8c+lBHppVIZDnbQxxSATE6zeKkKv4rbsV7aD9YAkJvSD1Jq6N96UT9grjhmA8huDGC+uA==}

  html-to-image@1.11.13:
    resolution: {integrity: sha512-cuOPoI7WApyhBElTTb9oqsawRvZ0rHhaHwghRLlTuffoD1B2aDemlCruLeZrUIIdvG7gs9xeELEPm6PhuASqrg==}

snapshots:

  '@babel/runtime@7.29.7': {}

  '@violentmonkey/shortcut@1.4.4':
    dependencies:
      '@babel/runtime': 7.29.7

  html-to-image@1.11.13: {}
